
Microsoft Visual Studio Solution File, Format Version 12.00
# Visual Studio Version 17
VisualStudioVersion = 17.8.34330.188
MinimumVisualStudioVersion = 10.0.40219.1
Project("{FAE04EC0-301F-11D3-BF4B-00C04F79EFBC}") = "Л.р. 1", "Л.р. 1\Л.р. 1.csproj", "{A299BF03-16D9-447C-908F-E28119DCEABC}"
EndProject
Global
	GlobalSection(SolutionConfigurationPlatforms) = preSolution
		Debug|Any CPU = Debug|Any CPU
		Release|Any CPU = Release|Any CPU
	EndGlobalSection
	GlobalSection(ProjectConfigurationPlatforms) = postSolution
		{A299BF03-16D9-447C-908F-E28119DCEABC}.Debug|Any CPU.ActiveCfg = Debug|Any CPU
		{A299BF03-16D9-447C-908F-E28119DCEABC}.Debug|Any CPU.Build.0 = Debug|Any CPU
		{A299BF03-16D9-447C-908F-E28119DCEABC}.Release|Any CPU.ActiveCfg = Release|Any CPU
		{A299BF03-16D9-447C-908F-E28119DCEABC}.Release|Any CPU.Build.0 = Release|Any CPU
	EndGlobalSection
	GlobalSection(SolutionProperties) = preSolution
		HideSolutionNode = FALSE
	EndGlobalSection
	GlobalSection(ExtensibilityGlobals) = postSolution
		SolutionGuid = {CE8EA8E7-900F-4ABF-A8F5-DB60305B77C9}
	EndGlobalSection
EndGlobal
